PODS:
  - GoogleAds-IMA-iOS-SDK (3.11.4)

DEPENDENCIES:
  - GoogleAds-IMA-iOS-SDK (~> 3.11.3)

SPEC REPOS:
  https://github.com/CocoaPods/Specs.git:
    - GoogleAds-IMA-iOS-SDK

SPEC CHECKSUMS:
  GoogleAds-IMA-iOS-SDK: 7f5b78b31ce97ec1f515866ed54118922004f987

PODFILE CHECKSUM: b6da7f54f20a053ce443caf433d2adf49b8101fa

COCOAPODS: 1.8.4
