// !$*UTF8*$!
{
	archiveVersion = 1;
	classes = {
	};
	objectVersion = 52;
	objects = {

/* Begin PBXBuildFile section */
		4CCB951A2472A88500798720 /* AppDelegate.swift in Sources */ = {isa = PBXBuildFile; fileRef = 4CCB95192472A88500798720 /* AppDelegate.swift */; };
		4CCB95212472A88500798720 /* Main.storyboard in Resources */ = {isa = PBXBuildFile; fileRef = 4CCB951F2472A88500798720 /* Main.storyboard */; };
		4CCB95232472A88700798720 /* Assets.xcassets in Resources */ = {isa = PBXBuildFile; fileRef = 4CCB95222472A88700798720 /* Assets.xcassets */; };
		4CCB95262472A88700798720 /* LaunchScreen.storyboard in Resources */ = {isa = PBXBuildFile; fileRef = 4CCB95242472A88700798720 /* LaunchScreen.storyboard */; };
		4CCB95332472AA8800798720 /* PlayerViewController.swift in Sources */ = {isa = PBXBuildFile; fileRef = 4CCB95322472AA8800798720 /* PlayerViewController.swift */; };
		4CCB95352472AB1600798720 /* Theme.swift in Sources */ = {isa = PBXBuildFile; fileRef = 4CCB95342472AB1600798720 /* Theme.swift */; };
		4CCB95372472B5AD00798720 /* stylesheet.css in Resources */ = {isa = PBXBuildFile; fileRef = 4CCB95362472B5AD00798720 /* stylesheet.css */; };
		7617EED52677E8B800EBE674 /* THEOplayerSDK.xcframework in Frameworks */ = {isa = PBXBuildFile; fileRef = 7617EED42677E8B800EBE674 /* THEOplayerSDK.xcframework */; };
		7617EED62677E8B800EBE674 /* THEOplayerSDK.xcframework in Embed Frameworks */ = {isa = PBXBuildFile; fileRef = 7617EED42677E8B800EBE674 /* THEOplayerSDK.xcframework */; settings = {ATTRIBUTES = (CodeSignOnCopy, RemoveHeadersOnCopy, ); }; };
/* End PBXBuildFile section */

/* Begin PBXCopyFilesBuildPhase section */
		7617EED72677E8B800EBE674 /* Embed Frameworks */ = {
			isa = PBXCopyFilesBuildPhase;
			buildActionMask = 2147483647;
			dstPath = "";
			dstSubfolderSpec = 10;
			files = (
				7617EED62677E8B800EBE674 /* THEOplayerSDK.xcframework in Embed Frameworks */,
			);
			name = "Embed Frameworks";
			runOnlyForDeploymentPostprocessing = 0;
		};
/* End PBXCopyFilesBuildPhase section */

/* Begin PBXFileReference section */
		4CCB95162472A88500798720 /* Related-Content.app */ = {isa = PBXFileReference; explicitFileType = wrapper.application; includeInIndex = 0; path = "Related-Content.app"; sourceTree = BUILT_PRODUCTS_DIR; };
		4CCB95192472A88500798720 /* AppDelegate.swift */ = {isa = PBXFileReference; lastKnownFileType = sourcecode.swift; path = AppDelegate.swift; sourceTree = "<group>"; };
		4CCB95202472A88500798720 /* Base */ = {isa = PBXFileReference; lastKnownFileType = file.storyboard; name = Base; path = Base.lproj/Main.storyboard; sourceTree = "<group>"; };
		4CCB95222472A88700798720 /* Assets.xcassets */ = {isa = PBXFileReference; lastKnownFileType = folder.assetcatalog; path = Assets.xcassets; sourceTree = "<group>"; };
		4CCB95252472A88700798720 /* Base */ = {isa = PBXFileReference; lastKnownFileType = file.storyboard; name = Base; path = Base.lproj/LaunchScreen.storyboard; sourceTree = "<group>"; };
		4CCB95272472A88700798720 /* Info.plist */ = {isa = PBXFileReference; lastKnownFileType = text.plist.xml; path = Info.plist; sourceTree = "<group>"; };
		4CCB95322472AA8800798720 /* PlayerViewController.swift */ = {isa = PBXFileReference; lastKnownFileType = sourcecode.swift; path = PlayerViewController.swift; sourceTree = "<group>"; };
		4CCB95342472AB1600798720 /* Theme.swift */ = {isa = PBXFileReference; fileEncoding = 4; lastKnownFileType = sourcecode.swift; path = Theme.swift; sourceTree = "<group>"; };
		4CCB95362472B5AD00798720 /* stylesheet.css */ = {isa = PBXFileReference; fileEncoding = 4; lastKnownFileType = text.css; path = stylesheet.css; sourceTree = "<group>"; };
		7617EED42677E8B800EBE674 /* THEOplayerSDK.xcframework */ = {isa = PBXFileReference; lastKnownFileType = wrapper.xcframework; path = THEOplayerSDK.xcframework; sourceTree = "<group>"; };
/* End PBXFileReference section */

/* Begin PBXFrameworksBuildPhase section */
		4CCB95132472A88500798720 /* Frameworks */ = {
			isa = PBXFrameworksBuildPhase;
			buildActionMask = 2147483647;
			files = (
				7617EED52677E8B800EBE674 /* THEOplayerSDK.xcframework in Frameworks */,
			);
			runOnlyForDeploymentPostprocessing = 0;
		};
/* End PBXFrameworksBuildPhase section */

/* Begin PBXGroup section */
		4CCB950D2472A88500798720 = {
			isa = PBXGroup;
			children = (
				4CCB95182472A88500798720 /* Related-Content */,
				4CCB95172472A88500798720 /* Products */,
				4CCB952D2472A91E00798720 /* Frameworks */,
			);
			sourceTree = "<group>";
		};
		4CCB95172472A88500798720 /* Products */ = {
			isa = PBXGroup;
			children = (
				4CCB95162472A88500798720 /* Related-Content.app */,
			);
			name = Products;
			sourceTree = "<group>";
		};
		4CCB95182472A88500798720 /* Related-Content */ = {
			isa = PBXGroup;
			children = (
				4CCB95362472B5AD00798720 /* stylesheet.css */,
				4CCB95192472A88500798720 /* AppDelegate.swift */,
				4CCB95322472AA8800798720 /* PlayerViewController.swift */,
				4CCB95342472AB1600798720 /* Theme.swift */,
				4CCB951F2472A88500798720 /* Main.storyboard */,
				4CCB95222472A88700798720 /* Assets.xcassets */,
				4CCB95242472A88700798720 /* LaunchScreen.storyboard */,
				4CCB95272472A88700798720 /* Info.plist */,
			);
			path = "Related-Content";
			sourceTree = "<group>";
		};
		4CCB952D2472A91E00798720 /* Frameworks */ = {
			isa = PBXGroup;
			children = (
				7617EED42677E8B800EBE674 /* THEOplayerSDK.xcframework */,
			);
			name = Frameworks;
			sourceTree = "<group>";
		};
/* End PBXGroup section */

/* Begin PBXNativeTarget section */
		4CCB95152472A88500798720 /* Related-Content */ = {
			isa = PBXNativeTarget;
			buildConfigurationList = 4CCB952A2472A88700798720 /* Build configuration list for PBXNativeTarget "Related-Content" */;
			buildPhases = (
				4CCB95122472A88500798720 /* Sources */,
				4CCB95132472A88500798720 /* Frameworks */,
				4CCB95142472A88500798720 /* Resources */,
				7617EED72677E8B800EBE674 /* Embed Frameworks */,
			);
			buildRules = (
			);
			dependencies = (
			);
			name = "Related-Content";
			productName = "Related-Content";
			productReference = 4CCB95162472A88500798720 /* Related-Content.app */;
			productType = "com.apple.product-type.application";
		};
/* End PBXNativeTarget section */

/* Begin PBXProject section */
		4CCB950E2472A88500798720 /* Project object */ = {
			isa = PBXProject;
			attributes = {
				LastSwiftUpdateCheck = 1140;
				LastUpgradeCheck = 1140;
				ORGANIZATIONNAME = THEOplayer;
				TargetAttributes = {
					4CCB95152472A88500798720 = {
						CreatedOnToolsVersion = 11.4.1;
					};
				};
			};
			buildConfigurationList = 4CCB95112472A88500798720 /* Build configuration list for PBXProject "Related-Content" */;
			compatibilityVersion = "Xcode 9.3";
			developmentRegion = en;
			hasScannedForEncodings = 0;
			knownRegions = (
				en,
				Base,
			);
			mainGroup = 4CCB950D2472A88500798720;
			productRefGroup = 4CCB95172472A88500798720 /* Products */;
			projectDirPath = "";
			projectRoot = "";
			targets = (
				4CCB95152472A88500798720 /* Related-Content */,
			);
		};
/* End PBXProject section */

/* Begin PBXResourcesBuildPhase section */
		4CCB95142472A88500798720 /* Resources */ = {
			isa = PBXResourcesBuildPhase;
			buildActionMask = 2147483647;
			files = (
				4CCB95262472A88700798720 /* LaunchScreen.storyboard in Resources */,
				4CCB95232472A88700798720 /* Assets.xcassets in Resources */,
				4CCB95212472A88500798720 /* Main.storyboard in Resources */,
				4CCB95372472B5AD00798720 /* stylesheet.css in Resources */,
			);
			runOnlyForDeploymentPostprocessing = 0;
		};
/* End PBXResourcesBuildPhase section */

/* Begin PBXSourcesBuildPhase section */
		4CCB95122472A88500798720 /* Sources */ = {
			isa = PBXSourcesBuildPhase;
			buildActionMask = 2147483647;
			files = (
				4CCB95332472AA8800798720 /* PlayerViewController.swift in Sources */,
				4CCB95352472AB1600798720 /* Theme.swift in Sources */,
				4CCB951A2472A88500798720 /* AppDelegate.swift in Sources */,
			);
			runOnlyForDeploymentPostprocessing = 0;
		};
/* End PBXSourcesBuildPhase section */

/* Begin PBXVariantGroup section */
		4CCB951F2472A88500798720 /* Main.storyboard */ = {
			isa = PBXVariantGroup;
			children = (
				4CCB95202472A88500798720 /* Base */,
			);
			name = Main.storyboard;
			sourceTree = "<group>";
		};
		4CCB95242472A88700798720 /* LaunchScreen.storyboard */ = {
			isa = PBXVariantGroup;
			children = (
				4CCB95252472A88700798720 /* Base */,
			);
			name = LaunchScreen.storyboard;
			sourceTree = "<group>";
		};
/* End PBXVariantGroup section */

/* Begin XCBuildConfiguration section */
		4CCB95282472A88700798720 /* Debug */ = {
			isa = XCBuildConfiguration;
			buildSettings = {
				ALWAYS_SEARCH_USER_PATHS = NO;
				CLANG_ANALYZER_NONNULL = YES;
				CLANG_ANALYZER_NUMBER_OBJECT_CONVERSION = YES_AGGRESSIVE;
				CLANG_CXX_LANGUAGE_STANDARD = "gnu++14";
				CLANG_CXX_LIBRARY = "libc++";
				CLANG_ENABLE_MODULES = YES;
				CLANG_ENABLE_OBJC_ARC = YES;
				CLANG_ENABLE_OBJC_WEAK = YES;
				CLANG_WARN_BLOCK_CAPTURE_AUTORELEASING = YES;
				CLANG_WARN_BOOL_CONVERSION = YES;
				CLANG_WARN_COMMA = YES;
				CLANG_WARN_CONSTANT_CONVERSION = YES;
				CLANG_WARN_DEPRECATED_OBJC_IMPLEMENTATIONS = YES;
				CLANG_WARN_DIRECT_OBJC_ISA_USAGE = YES_ERROR;
				CLANG_WARN_DOCUMENTATION_COMMENTS = YES;
				CLANG_WARN_EMPTY_BODY = YES;
				CLANG_WARN_ENUM_CONVERSION = YES;
				CLANG_WARN_INFINITE_RECURSION = YES;
				CLANG_WARN_INT_CONVERSION = YES;
				CLANG_WARN_NON_LITERAL_NULL_CONVERSION = YES;
				CLANG_WARN_OBJC_IMPLICIT_RETAIN_SELF = YES;
				CLANG_WARN_OBJC_LITERAL_CONVERSION = YES;
				CLANG_WARN_OBJC_ROOT_CLASS = YES_ERROR;
				CLANG_WARN_RANGE_LOOP_ANALYSIS = YES;
				CLANG_WARN_STRICT_PROTOTYPES = YES;
				CLANG_WARN_SUSPICIOUS_MOVE = YES;
				CLANG_WARN_UNGUARDED_AVAILABILITY = YES_AGGRESSIVE;
				CLANG_WARN_UNREACHABLE_CODE = YES;
				CLANG_WARN__DUPLICATE_METHOD_MATCH = YES;
				COPY_PHASE_STRIP = NO;
				DEBUG_INFORMATION_FORMAT = dwarf;
				ENABLE_STRICT_OBJC_MSGSEND = YES;
				ENABLE_TESTABILITY = YES;
				GCC_C_LANGUAGE_STANDARD = gnu11;
				GCC_DYNAMIC_NO_PIC = NO;
				GCC_NO_COMMON_BLOCKS = YES;
				GCC_OPTIMIZATION_LEVEL = 0;
				GCC_PREPROCESSOR_DEFINITIONS = (
					"DEBUG=1",
					"$(inherited)",
				);
				GCC_WARN_64_TO_32_BIT_CONVERSION = YES;
				GCC_WARN_ABOUT_RETURN_TYPE = YES_ERROR;
				GCC_WARN_UNDECLARED_SELECTOR = YES;
				GCC_WARN_UNINITIALIZED_AUTOS = YES_AGGRESSIVE;
				GCC_WARN_UNUSED_FUNCTION = YES;
				GCC_WARN_UNUSED_VARIABLE = YES;
				IPHONEOS_DEPLOYMENT_TARGET = 13.4;
				MTL_ENABLE_DEBUG_INFO = INCLUDE_SOURCE;
				MTL_FAST_MATH = YES;
				ONLY_ACTIVE_ARCH = YES;
				SDKROOT = iphoneos;
				SWIFT_ACTIVE_COMPILATION_CONDITIONS = DEBUG;
				SWIFT_OPTIMIZATION_LEVEL = "-Onone";
			};
			name = Debug;
		};
		4CCB95292472A88700798720 /* Release */ = {
			isa = XCBuildConfiguration;
			buildSettings = {
				ALWAYS_SEARCH_USER_PATHS = NO;
				CLANG_ANALYZER_NONNULL = YES;
				CLANG_ANALYZER_NUMBER_OBJECT_CONVERSION = YES_AGGRESSIVE;
				CLANG_CXX_LANGUAGE_STANDARD = "gnu++14";
				CLANG_CXX_LIBRARY = "libc++";
				CLANG_ENABLE_MODULES = YES;
				CLANG_ENABLE_OBJC_ARC = YES;
				CLANG_ENABLE_OBJC_WEAK = YES;
				CLANG_WARN_BLOCK_CAPTURE_AUTORELEASING = YES;
				CLANG_WARN_BOOL_CONVERSION = YES;
				CLANG_WARN_COMMA = YES;
				CLANG_WARN_CONSTANT_CONVERSION = YES;
				CLANG_WARN_DEPRECATED_OBJC_IMPLEMENTATIONS = YES;
				CLANG_WARN_DIRECT_OBJC_ISA_USAGE = YES_ERROR;
				CLANG_WARN_DOCUMENTATION_COMMENTS = YES;
				CLANG_WARN_EMPTY_BODY = YES;
				CLANG_WARN_ENUM_CONVERSION = YES;
				CLANG_WARN_INFINITE_RECURSION = YES;
				CLANG_WARN_INT_CONVERSION = YES;
				CLANG_WARN_NON_LITERAL_NULL_CONVERSION = YES;
				CLANG_WARN_OBJC_IMPLICIT_RETAIN_SELF = YES;
				CLANG_WARN_OBJC_LITERAL_CONVERSION = YES;
				CLANG_WARN_OBJC_ROOT_CLASS = YES_ERROR;
				CLANG_WARN_RANGE_LOOP_ANALYSIS = YES;
				CLANG_WARN_STRICT_PROTOTYPES = YES;
				CLANG_WARN_SUSPICIOUS_MOVE = YES;
				CLANG_WARN_UNGUARDED_AVAILABILITY = YES_AGGRESSIVE;
				CLANG_WARN_UNREACHABLE_CODE = YES;
				CLANG_WARN__DUPLICATE_METHOD_MATCH = YES;
				COPY_PHASE_STRIP = NO;
				DEBUG_INFORMATION_FORMAT = "dwarf-with-dsym";
				ENABLE_NS_ASSERTIONS = NO;
				ENABLE_STRICT_OBJC_MSGSEND = YES;
				GCC_C_LANGUAGE_STANDARD = gnu11;
				GCC_NO_COMMON_BLOCKS = YES;
				GCC_WARN_64_TO_32_BIT_CONVERSION = YES;
				GCC_WARN_ABOUT_RETURN_TYPE = YES_ERROR;
				GCC_WARN_UNDECLARED_SELECTOR = YES;
				GCC_WARN_UNINITIALIZED_AUTOS = YES_AGGRESSIVE;
				GCC_WARN_UNUSED_FUNCTION = YES;
				GCC_WARN_UNUSED_VARIABLE = YES;
				IPHONEOS_DEPLOYMENT_TARGET = 13.4;
				MTL_ENABLE_DEBUG_INFO = NO;
				MTL_FAST_MATH = YES;
				SDKROOT = iphoneos;
				SWIFT_COMPILATION_MODE = wholemodule;
				SWIFT_OPTIMIZATION_LEVEL = "-O";
				VALIDATE_PRODUCT = YES;
			};
			name = Release;
		};
		4CCB952B2472A88700798720 /* Debug */ = {
			isa = XCBuildConfiguration;
			buildSettings = {
				ASSETCATALOG_COMPILER_APPICON_NAME = AppIcon;
				CODE_SIGN_STYLE = Automatic;
				DEVELOPMENT_TEAM = G92DC5SXD6;
				FRAMEWORK_SEARCH_PATHS = (
					"$(inherited)",
					"$(PROJECT_DIR)",
				);
				INFOPLIST_FILE = "Related-Content/Info.plist";
				LD_RUNPATH_SEARCH_PATHS = (
					"$(inherited)",
					"@executable_path/Frameworks",
				);
				PRODUCT_BUNDLE_IDENTIFIER = "com.theoplayer.sample.playback.Related-Content";
				PRODUCT_NAME = "$(TARGET_NAME)";
				SWIFT_VERSION = 5.0;
				TARGETED_DEVICE_FAMILY = "1,2";
			};
			name = Debug;
		};
		4CCB952C2472A88700798720 /* Release */ = {
			isa = XCBuildConfiguration;
			buildSettings = {
				ASSETCATALOG_COMPILER_APPICON_NAME = AppIcon;
				CODE_SIGN_STYLE = Automatic;
				DEVELOPMENT_TEAM = G92DC5SXD6;
				FRAMEWORK_SEARCH_PATHS = (
					"$(inherited)",
					"$(PROJECT_DIR)",
				);
				INFOPLIST_FILE = "Related-Content/Info.plist";
				LD_RUNPATH_SEARCH_PATHS = (
					"$(inherited)",
					"@executable_path/Frameworks",
				);
				PRODUCT_BUNDLE_IDENTIFIER = "com.theoplayer.sample.playback.Related-Content";
				PRODUCT_NAME = "$(TARGET_NAME)";
				SWIFT_VERSION = 5.0;
				TARGETED_DEVICE_FAMILY = "1,2";
			};
			name = Release;
		};
/* End XCBuildConfiguration section */

/* Begin XCConfigurationList section */
		4CCB95112472A88500798720 /* Build configuration list for PBXProject "Related-Content" */ = {
			isa = XCConfigurationList;
			buildConfigurations = (
				4CCB95282472A88700798720 /* Debug */,
				4CCB95292472A88700798720 /* Release */,
			);
			defaultConfigurationIsVisible = 0;
			defaultConfigurationName = Release;
		};
		4CCB952A2472A88700798720 /* Build configuration list for PBXNativeTarget "Related-Content" */ = {
			isa = XCConfigurationList;
			buildConfigurations = (
				4CCB952B2472A88700798720 /* Debug */,
				4CCB952C2472A88700798720 /* Release */,
			);
			defaultConfigurationIsVisible = 0;
			defaultConfigurationName = Release;
		};
/* End XCConfigurationList section */
	};
	rootObject = 4CCB950E2472A88500798720 /* Project object */;
}
