// !$*UTF8*$!
{
	archiveVersion = 1;
	classes = {
	};
	objectVersion = 50;
	objects = {

/* Begin PBXBuildFile section */
		BE01A75923875BE1000EFF53 /* PlayerViewController.swift in Sources */ = {isa = PBXBuildFile; fileRef = BE01A75823875BE1000EFF53 /* PlayerViewController.swift */; };
		BE01A76423876674000EFF53 /* Theme.swift in Sources */ = {isa = PBXBuildFile; fileRef = BE01A76323876674000EFF53 /* Theme.swift */; };
		BE8242F82363AAB100994FB2 /* AppDelegate.swift in Sources */ = {isa = PBXBuildFile; fileRef = BE8242F72363AAB100994FB2 /* AppDelegate.swift */; };
		BE8243012363AAB200994FB2 /* Assets.xcassets in Resources */ = {isa = PBXBuildFile; fileRef = BE8243002363AAB200994FB2 /* Assets.xcassets */; };
		BE8243042363AAB200994FB2 /* LaunchScreen.storyboard in Resources */ = {isa = PBXBuildFile; fileRef = BE8243022363AAB200994FB2 /* LaunchScreen.storyboard */; };
		BEA110F6238F590400B20862 /* Accelerate.framework in Frameworks */ = {isa = PBXBuildFile; fileRef = BEA110F5238F590400B20862 /* Accelerate.framework */; };
		BEA110F8238F590E00B20862 /* AudioToolbox.framework in Frameworks */ = {isa = PBXBuildFile; fileRef = BEA110F7238F590E00B20862 /* AudioToolbox.framework */; };
		BEA110FA238F591600B20862 /* AVFoundation.framework in Frameworks */ = {isa = PBXBuildFile; fileRef = BEA110F9238F591600B20862 /* AVFoundation.framework */; };
		BEA110FC238F591E00B20862 /* CFNetwork.framework in Frameworks */ = {isa = PBXBuildFile; fileRef = BEA110FB238F591E00B20862 /* CFNetwork.framework */; };
		BEA110FE238F592400B20862 /* CoreBluetooth.framework in Frameworks */ = {isa = PBXBuildFile; fileRef = BEA110FD238F592400B20862 /* CoreBluetooth.framework */; };
		BEA11100238F592B00B20862 /* CoreData.framework in Frameworks */ = {isa = PBXBuildFile; fileRef = BEA110FF238F592B00B20862 /* CoreData.framework */; };
		BEA11102238F593200B20862 /* CoreGraphics.framework in Frameworks */ = {isa = PBXBuildFile; fileRef = BEA11101238F593200B20862 /* CoreGraphics.framework */; };
		BEA11104238F593900B20862 /* CoreMedia.framework in Frameworks */ = {isa = PBXBuildFile; fileRef = BEA11103238F593900B20862 /* CoreMedia.framework */; };
		BEA11106238F594000B20862 /* CoreText.framework in Frameworks */ = {isa = PBXBuildFile; fileRef = BEA11105238F594000B20862 /* CoreText.framework */; };
		BEA11108238F594B00B20862 /* Foundation.framework in Frameworks */ = {isa = PBXBuildFile; fileRef = BEA11107238F594B00B20862 /* Foundation.framework */; };
		BEA1110A238F595300B20862 /* MediaAccessibility.framework in Frameworks */ = {isa = PBXBuildFile; fileRef = BEA11109238F595300B20862 /* MediaAccessibility.framework */; };
		BEA1110C238F595C00B20862 /* MediaPlayer.framework in Frameworks */ = {isa = PBXBuildFile; fileRef = BEA1110B238F595C00B20862 /* MediaPlayer.framework */; };
		BEA1110E238F596500B20862 /* QuartzCore.framework in Frameworks */ = {isa = PBXBuildFile; fileRef = BEA1110D238F596500B20862 /* QuartzCore.framework */; };
		BEA11110238F596E00B20862 /* Security.framework in Frameworks */ = {isa = PBXBuildFile; fileRef = BEA1110F238F596E00B20862 /* Security.framework */; };
		BEA11112238F597500B20862 /* SystemConfiguration.framework in Frameworks */ = {isa = PBXBuildFile; fileRef = BEA11111238F597500B20862 /* SystemConfiguration.framework */; };
		BEA11114238F597D00B20862 /* UIKit.framework in Frameworks */ = {isa = PBXBuildFile; fileRef = BEA11113238F597D00B20862 /* UIKit.framework */; };
		BED1C39E24112FF300A4ABEB /* THEOplayerSDK.framework in Frameworks */ = {isa = PBXBuildFile; fileRef = BED1C39A24112FE900A4ABEB /* THEOplayerSDK.framework */; };
		BED1C39F24112FF300A4ABEB /* THEOplayerSDK.framework in Embed Frameworks */ = {isa = PBXBuildFile; fileRef = BED1C39A24112FE900A4ABEB /* THEOplayerSDK.framework */; settings = {ATTRIBUTES = (CodeSignOnCopy, RemoveHeadersOnCopy, ); }; };
		BED1C3A124112FF800A4ABEB /* GoogleCast.framework in Frameworks */ = {isa = PBXBuildFile; fileRef = BED1C39B24112FE900A4ABEB /* GoogleCast.framework */; };
		BED1C3A224112FF800A4ABEB /* GoogleCast.framework in Embed Frameworks */ = {isa = PBXBuildFile; fileRef = BED1C39B24112FE900A4ABEB /* GoogleCast.framework */; settings = {ATTRIBUTES = (CodeSignOnCopy, RemoveHeadersOnCopy, ); }; };
/* End PBXBuildFile section */

/* Begin PBXCopyFilesBuildPhase section */
		BED1C3A024112FF300A4ABEB /* Embed Frameworks */ = {
			isa = PBXCopyFilesBuildPhase;
			buildActionMask = 2147483647;
			dstPath = "";
			dstSubfolderSpec = 10;
			files = (
				BED1C3A224112FF800A4ABEB /* GoogleCast.framework in Embed Frameworks */,
				BED1C39F24112FF300A4ABEB /* THEOplayerSDK.framework in Embed Frameworks */,
			);
			name = "Embed Frameworks";
			runOnlyForDeploymentPostprocessing = 0;
		};
/* End PBXCopyFilesBuildPhase section */

/* Begin PBXFileReference section */
		BE01A75823875BE1000EFF53 /* PlayerViewController.swift */ = {isa = PBXFileReference; fileEncoding = 4; lastKnownFileType = sourcecode.swift; path = PlayerViewController.swift; sourceTree = "<group>"; };
		BE01A76323876674000EFF53 /* Theme.swift */ = {isa = PBXFileReference; fileEncoding = 4; lastKnownFileType = sourcecode.swift; path = Theme.swift; sourceTree = "<group>"; };
		BE6A30B823E0F92200951546 /* THEO Google Cast.entitlements */ = {isa = PBXFileReference; lastKnownFileType = text.plist.entitlements; path = "THEO Google Cast.entitlements"; sourceTree = "<group>"; };
		BE8242F42363AAB100994FB2 /* THEO Google Cast.app */ = {isa = PBXFileReference; explicitFileType = wrapper.application; includeInIndex = 0; path = "THEO Google Cast.app"; sourceTree = BUILT_PRODUCTS_DIR; };
		BE8242F72363AAB100994FB2 /* AppDelegate.swift */ = {isa = PBXFileReference; lastKnownFileType = sourcecode.swift; path = AppDelegate.swift; sourceTree = "<group>"; };
		BE8243002363AAB200994FB2 /* Assets.xcassets */ = {isa = PBXFileReference; lastKnownFileType = folder.assetcatalog; path = Assets.xcassets; sourceTree = "<group>"; };
		BE8243032363AAB200994FB2 /* Base */ = {isa = PBXFileReference; lastKnownFileType = file.storyboard; name = Base; path = Base.lproj/LaunchScreen.storyboard; sourceTree = "<group>"; };
		BE8243052363AAB200994FB2 /* Info.plist */ = {isa = PBXFileReference; lastKnownFileType = text.plist.xml; path = Info.plist; sourceTree = "<group>"; };
		BEA110F5238F590400B20862 /* Accelerate.framework */ = {isa = PBXFileReference; lastKnownFileType = wrapper.framework; name = Accelerate.framework; path = System/Library/Frameworks/Accelerate.framework; sourceTree = SDKROOT; };
		BEA110F7238F590E00B20862 /* AudioToolbox.framework */ = {isa = PBXFileReference; lastKnownFileType = wrapper.framework; name = AudioToolbox.framework; path = System/Library/Frameworks/AudioToolbox.framework; sourceTree = SDKROOT; };
		BEA110F9238F591600B20862 /* AVFoundation.framework */ = {isa = PBXFileReference; lastKnownFileType = wrapper.framework; name = AVFoundation.framework; path = System/Library/Frameworks/AVFoundation.framework; sourceTree = SDKROOT; };
		BEA110FB238F591E00B20862 /* CFNetwork.framework */ = {isa = PBXFileReference; lastKnownFileType = wrapper.framework; name = CFNetwork.framework; path = System/Library/Frameworks/CFNetwork.framework; sourceTree = SDKROOT; };
		BEA110FD238F592400B20862 /* CoreBluetooth.framework */ = {isa = PBXFileReference; lastKnownFileType = wrapper.framework; name = CoreBluetooth.framework; path = System/Library/Frameworks/CoreBluetooth.framework; sourceTree = SDKROOT; };
		BEA110FF238F592B00B20862 /* CoreData.framework */ = {isa = PBXFileReference; lastKnownFileType = wrapper.framework; name = CoreData.framework; path = System/Library/Frameworks/CoreData.framework; sourceTree = SDKROOT; };
		BEA11101238F593200B20862 /* CoreGraphics.framework */ = {isa = PBXFileReference; lastKnownFileType = wrapper.framework; name = CoreGraphics.framework; path = System/Library/Frameworks/CoreGraphics.framework; sourceTree = SDKROOT; };
		BEA11103238F593900B20862 /* CoreMedia.framework */ = {isa = PBXFileReference; lastKnownFileType = wrapper.framework; name = CoreMedia.framework; path = System/Library/Frameworks/CoreMedia.framework; sourceTree = SDKROOT; };
		BEA11105238F594000B20862 /* CoreText.framework */ = {isa = PBXFileReference; lastKnownFileType = wrapper.framework; name = CoreText.framework; path = System/Library/Frameworks/CoreText.framework; sourceTree = SDKROOT; };
		BEA11107238F594B00B20862 /* Foundation.framework */ = {isa = PBXFileReference; lastKnownFileType = wrapper.framework; name = Foundation.framework; path = System/Library/Frameworks/Foundation.framework; sourceTree = SDKROOT; };
		BEA11109238F595300B20862 /* MediaAccessibility.framework */ = {isa = PBXFileReference; lastKnownFileType = wrapper.framework; name = MediaAccessibility.framework; path = System/Library/Frameworks/MediaAccessibility.framework; sourceTree = SDKROOT; };
		BEA1110B238F595C00B20862 /* MediaPlayer.framework */ = {isa = PBXFileReference; lastKnownFileType = wrapper.framework; name = MediaPlayer.framework; path = System/Library/Frameworks/MediaPlayer.framework; sourceTree = SDKROOT; };
		BEA1110D238F596500B20862 /* QuartzCore.framework */ = {isa = PBXFileReference; lastKnownFileType = wrapper.framework; name = QuartzCore.framework; path = System/Library/Frameworks/QuartzCore.framework; sourceTree = SDKROOT; };
		BEA1110F238F596E00B20862 /* Security.framework */ = {isa = PBXFileReference; lastKnownFileType = wrapper.framework; name = Security.framework; path = System/Library/Frameworks/Security.framework; sourceTree = SDKROOT; };
		BEA11111238F597500B20862 /* SystemConfiguration.framework */ = {isa = PBXFileReference; lastKnownFileType = wrapper.framework; name = SystemConfiguration.framework; path = System/Library/Frameworks/SystemConfiguration.framework; sourceTree = SDKROOT; };
		BEA11113238F597D00B20862 /* UIKit.framework */ = {isa = PBXFileReference; lastKnownFileType = wrapper.framework; name = UIKit.framework; path = System/Library/Frameworks/UIKit.framework; sourceTree = SDKROOT; };
		BED1C39A24112FE900A4ABEB /* THEOplayerSDK.framework */ = {isa = PBXFileReference; lastKnownFileType = wrapper.framework; path = THEOplayerSDK.framework; sourceTree = "<group>"; };
		BED1C39B24112FE900A4ABEB /* GoogleCast.framework */ = {isa = PBXFileReference; lastKnownFileType = wrapper.framework; path = GoogleCast.framework; sourceTree = "<group>"; };
/* End PBXFileReference section */

/* Begin PBXFrameworksBuildPhase section */
		BE8242F12363AAB100994FB2 /* Frameworks */ = {
			isa = PBXFrameworksBuildPhase;
			buildActionMask = 2147483647;
			files = (
				BEA11104238F593900B20862 /* CoreMedia.framework in Frameworks */,
				BEA11114238F597D00B20862 /* UIKit.framework in Frameworks */,
				BEA11112238F597500B20862 /* SystemConfiguration.framework in Frameworks */,
				BEA1110E238F596500B20862 /* QuartzCore.framework in Frameworks */,
				BED1C39E24112FF300A4ABEB /* THEOplayerSDK.framework in Frameworks */,
				BEA110F6238F590400B20862 /* Accelerate.framework in Frameworks */,
				BEA11100238F592B00B20862 /* CoreData.framework in Frameworks */,
				BEA11110238F596E00B20862 /* Security.framework in Frameworks */,
				BEA110F8238F590E00B20862 /* AudioToolbox.framework in Frameworks */,
				BEA11102238F593200B20862 /* CoreGraphics.framework in Frameworks */,
				BEA11108238F594B00B20862 /* Foundation.framework in Frameworks */,
				BEA11106238F594000B20862 /* CoreText.framework in Frameworks */,
				BED1C3A124112FF800A4ABEB /* GoogleCast.framework in Frameworks */,
				BEA110FC238F591E00B20862 /* CFNetwork.framework in Frameworks */,
				BEA110FE238F592400B20862 /* CoreBluetooth.framework in Frameworks */,
				BEA110FA238F591600B20862 /* AVFoundation.framework in Frameworks */,
				BEA1110C238F595C00B20862 /* MediaPlayer.framework in Frameworks */,
				BEA1110A238F595300B20862 /* MediaAccessibility.framework in Frameworks */,
			);
			runOnlyForDeploymentPostprocessing = 0;
		};
/* End PBXFrameworksBuildPhase section */

/* Begin PBXGroup section */
		BE8242EB2363AAB100994FB2 = {
			isa = PBXGroup;
			children = (
				BE8242F62363AAB100994FB2 /* Google_Cast */,
				BE8242F52363AAB100994FB2 /* Products */,
				BEA110F4238F590400B20862 /* Frameworks */,
			);
			sourceTree = "<group>";
		};
		BE8242F52363AAB100994FB2 /* Products */ = {
			isa = PBXGroup;
			children = (
				BE8242F42363AAB100994FB2 /* THEO Google Cast.app */,
			);
			name = Products;
			sourceTree = "<group>";
		};
		BE8242F62363AAB100994FB2 /* Google_Cast */ = {
			isa = PBXGroup;
			children = (
				BE8242F72363AAB100994FB2 /* AppDelegate.swift */,
				BE01A75823875BE1000EFF53 /* PlayerViewController.swift */,
				BE01A76323876674000EFF53 /* Theme.swift */,
				BE8243002363AAB200994FB2 /* Assets.xcassets */,
				BE8243022363AAB200994FB2 /* LaunchScreen.storyboard */,
				BE8243052363AAB200994FB2 /* Info.plist */,
				BE6A30B823E0F92200951546 /* THEO Google Cast.entitlements */,
			);
			path = Google_Cast;
			sourceTree = "<group>";
		};
		BEA110F4238F590400B20862 /* Frameworks */ = {
			isa = PBXGroup;
			children = (
				BED1C39B24112FE900A4ABEB /* GoogleCast.framework */,
				BED1C39A24112FE900A4ABEB /* THEOplayerSDK.framework */,
				BEA11113238F597D00B20862 /* UIKit.framework */,
				BEA11111238F597500B20862 /* SystemConfiguration.framework */,
				BEA1110F238F596E00B20862 /* Security.framework */,
				BEA1110D238F596500B20862 /* QuartzCore.framework */,
				BEA1110B238F595C00B20862 /* MediaPlayer.framework */,
				BEA11109238F595300B20862 /* MediaAccessibility.framework */,
				BEA11107238F594B00B20862 /* Foundation.framework */,
				BEA11105238F594000B20862 /* CoreText.framework */,
				BEA11103238F593900B20862 /* CoreMedia.framework */,
				BEA11101238F593200B20862 /* CoreGraphics.framework */,
				BEA110FF238F592B00B20862 /* CoreData.framework */,
				BEA110FD238F592400B20862 /* CoreBluetooth.framework */,
				BEA110FB238F591E00B20862 /* CFNetwork.framework */,
				BEA110F9238F591600B20862 /* AVFoundation.framework */,
				BEA110F7238F590E00B20862 /* AudioToolbox.framework */,
				BEA110F5238F590400B20862 /* Accelerate.framework */,
			);
			name = Frameworks;
			sourceTree = "<group>";
		};
/* End PBXGroup section */

/* Begin PBXNativeTarget section */
		BE8242F32363AAB100994FB2 /* Google_Cast */ = {
			isa = PBXNativeTarget;
			buildConfigurationList = BE8243082363AAB200994FB2 /* Build configuration list for PBXNativeTarget "Google_Cast" */;
			buildPhases = (
				BE8242F02363AAB100994FB2 /* Sources */,
				BE8242F12363AAB100994FB2 /* Frameworks */,
				BE8242F22363AAB100994FB2 /* Resources */,
				BED1C3A024112FF300A4ABEB /* Embed Frameworks */,
			);
			buildRules = (
			);
			dependencies = (
			);
			name = Google_Cast;
			productName = Google_Cast;
			productReference = BE8242F42363AAB100994FB2 /* THEO Google Cast.app */;
			productType = "com.apple.product-type.application";
		};
/* End PBXNativeTarget section */

/* Begin PBXProject section */
		BE8242EC2363AAB100994FB2 /* Project object */ = {
			isa = PBXProject;
			attributes = {
				LastSwiftUpdateCheck = 1110;
				LastUpgradeCheck = 1110;
				ORGANIZATIONNAME = THEOPlayer;
				TargetAttributes = {
					BE8242F32363AAB100994FB2 = {
						CreatedOnToolsVersion = 11.1;
					};
				};
			};
			buildConfigurationList = BE8242EF2363AAB100994FB2 /* Build configuration list for PBXProject "Google_Cast" */;
			compatibilityVersion = "Xcode 9.3";
			developmentRegion = en;
			hasScannedForEncodings = 0;
			knownRegions = (
				en,
				Base,
			);
			mainGroup = BE8242EB2363AAB100994FB2;
			productRefGroup = BE8242F52363AAB100994FB2 /* Products */;
			projectDirPath = "";
			projectRoot = "";
			targets = (
				BE8242F32363AAB100994FB2 /* Google_Cast */,
			);
		};
/* End PBXProject section */

/* Begin PBXResourcesBuildPhase section */
		BE8242F22363AAB100994FB2 /* Resources */ = {
			isa = PBXResourcesBuildPhase;
			buildActionMask = 2147483647;
			files = (
				BE8243042363AAB200994FB2 /* LaunchScreen.storyboard in Resources */,
				BE8243012363AAB200994FB2 /* Assets.xcassets in Resources */,
			);
			runOnlyForDeploymentPostprocessing = 0;
		};
/* End PBXResourcesBuildPhase section */

/* Begin PBXSourcesBuildPhase section */
		BE8242F02363AAB100994FB2 /* Sources */ = {
			isa = PBXSourcesBuildPhase;
			buildActionMask = 2147483647;
			files = (
				BE8242F82363AAB100994FB2 /* AppDelegate.swift in Sources */,
				BE01A75923875BE1000EFF53 /* PlayerViewController.swift in Sources */,
				BE01A76423876674000EFF53 /* Theme.swift in Sources */,
			);
			runOnlyForDeploymentPostprocessing = 0;
		};
/* End PBXSourcesBuildPhase section */

/* Begin PBXVariantGroup section */
		BE8243022363AAB200994FB2 /* LaunchScreen.storyboard */ = {
			isa = PBXVariantGroup;
			children = (
				BE8243032363AAB200994FB2 /* Base */,
			);
			name = LaunchScreen.storyboard;
			sourceTree = "<group>";
		};
/* End PBXVariantGroup section */

/* Begin XCBuildConfiguration section */
		BE8243062363AAB200994FB2 /* Debug */ = {
			isa = XCBuildConfiguration;
			buildSettings = {
				ALWAYS_SEARCH_USER_PATHS = NO;
				CLANG_ANALYZER_NONNULL = YES;
				CLANG_ANALYZER_NUMBER_OBJECT_CONVERSION = YES_AGGRESSIVE;
				CLANG_CXX_LANGUAGE_STANDARD = "gnu++14";
				CLANG_CXX_LIBRARY = "libc++";
				CLANG_ENABLE_MODULES = YES;
				CLANG_ENABLE_OBJC_ARC = YES;
				CLANG_ENABLE_OBJC_WEAK = YES;
				CLANG_WARN_BLOCK_CAPTURE_AUTORELEASING = YES;
				CLANG_WARN_BOOL_CONVERSION = YES;
				CLANG_WARN_COMMA = YES;
				CLANG_WARN_CONSTANT_CONVERSION = YES;
				CLANG_WARN_DEPRECATED_OBJC_IMPLEMENTATIONS = YES;
				CLANG_WARN_DIRECT_OBJC_ISA_USAGE = YES_ERROR;
				CLANG_WARN_DOCUMENTATION_COMMENTS = YES;
				CLANG_WARN_EMPTY_BODY = YES;
				CLANG_WARN_ENUM_CONVERSION = YES;
				CLANG_WARN_INFINITE_RECURSION = YES;
				CLANG_WARN_INT_CONVERSION = YES;
				CLANG_WARN_NON_LITERAL_NULL_CONVERSION = YES;
				CLANG_WARN_OBJC_IMPLICIT_RETAIN_SELF = YES;
				CLANG_WARN_OBJC_LITERAL_CONVERSION = YES;
				CLANG_WARN_OBJC_ROOT_CLASS = YES_ERROR;
				CLANG_WARN_RANGE_LOOP_ANALYSIS = YES;
				CLANG_WARN_STRICT_PROTOTYPES = YES;
				CLANG_WARN_SUSPICIOUS_MOVE = YES;
				CLANG_WARN_UNGUARDED_AVAILABILITY = YES_AGGRESSIVE;
				CLANG_WARN_UNREACHABLE_CODE = YES;
				CLANG_WARN__DUPLICATE_METHOD_MATCH = YES;
				COPY_PHASE_STRIP = NO;
				DEBUG_INFORMATION_FORMAT = dwarf;
				ENABLE_STRICT_OBJC_MSGSEND = YES;
				ENABLE_TESTABILITY = YES;
				GCC_C_LANGUAGE_STANDARD = gnu11;
				GCC_DYNAMIC_NO_PIC = NO;
				GCC_NO_COMMON_BLOCKS = YES;
				GCC_OPTIMIZATION_LEVEL = 0;
				GCC_PREPROCESSOR_DEFINITIONS = (
					"DEBUG=1",
					"$(inherited)",
				);
				GCC_WARN_64_TO_32_BIT_CONVERSION = YES;
				GCC_WARN_ABOUT_RETURN_TYPE = YES_ERROR;
				GCC_WARN_UNDECLARED_SELECTOR = YES;
				GCC_WARN_UNINITIALIZED_AUTOS = YES_AGGRESSIVE;
				GCC_WARN_UNUSED_FUNCTION = YES;
				GCC_WARN_UNUSED_VARIABLE = YES;
				IPHONEOS_DEPLOYMENT_TARGET = 11.0;
				MTL_ENABLE_DEBUG_INFO = INCLUDE_SOURCE;
				MTL_FAST_MATH = YES;
				ONLY_ACTIVE_ARCH = YES;
				SDKROOT = iphoneos;
				SWIFT_ACTIVE_COMPILATION_CONDITIONS = DEBUG;
				SWIFT_OPTIMIZATION_LEVEL = "-Onone";
			};
			name = Debug;
		};
		BE8243072363AAB200994FB2 /* Release */ = {
			isa = XCBuildConfiguration;
			buildSettings = {
				ALWAYS_SEARCH_USER_PATHS = NO;
				CLANG_ANALYZER_NONNULL = YES;
				CLANG_ANALYZER_NUMBER_OBJECT_CONVERSION = YES_AGGRESSIVE;
				CLANG_CXX_LANGUAGE_STANDARD = "gnu++14";
				CLANG_CXX_LIBRARY = "libc++";
				CLANG_ENABLE_MODULES = YES;
				CLANG_ENABLE_OBJC_ARC = YES;
				CLANG_ENABLE_OBJC_WEAK = YES;
				CLANG_WARN_BLOCK_CAPTURE_AUTORELEASING = YES;
				CLANG_WARN_BOOL_CONVERSION = YES;
				CLANG_WARN_COMMA = YES;
				CLANG_WARN_CONSTANT_CONVERSION = YES;
				CLANG_WARN_DEPRECATED_OBJC_IMPLEMENTATIONS = YES;
				CLANG_WARN_DIRECT_OBJC_ISA_USAGE = YES_ERROR;
				CLANG_WARN_DOCUMENTATION_COMMENTS = YES;
				CLANG_WARN_EMPTY_BODY = YES;
				CLANG_WARN_ENUM_CONVERSION = YES;
				CLANG_WARN_INFINITE_RECURSION = YES;
				CLANG_WARN_INT_CONVERSION = YES;
				CLANG_WARN_NON_LITERAL_NULL_CONVERSION = YES;
				CLANG_WARN_OBJC_IMPLICIT_RETAIN_SELF = YES;
				CLANG_WARN_OBJC_LITERAL_CONVERSION = YES;
				CLANG_WARN_OBJC_ROOT_CLASS = YES_ERROR;
				CLANG_WARN_RANGE_LOOP_ANALYSIS = YES;
				CLANG_WARN_STRICT_PROTOTYPES = YES;
				CLANG_WARN_SUSPICIOUS_MOVE = YES;
				CLANG_WARN_UNGUARDED_AVAILABILITY = YES_AGGRESSIVE;
				CLANG_WARN_UNREACHABLE_CODE = YES;
				CLANG_WARN__DUPLICATE_METHOD_MATCH = YES;
				COPY_PHASE_STRIP = NO;
				DEBUG_INFORMATION_FORMAT = "dwarf-with-dsym";
				ENABLE_NS_ASSERTIONS = NO;
				ENABLE_STRICT_OBJC_MSGSEND = YES;
				GCC_C_LANGUAGE_STANDARD = gnu11;
				GCC_NO_COMMON_BLOCKS = YES;
				GCC_WARN_64_TO_32_BIT_CONVERSION = YES;
				GCC_WARN_ABOUT_RETURN_TYPE = YES_ERROR;
				GCC_WARN_UNDECLARED_SELECTOR = YES;
				GCC_WARN_UNINITIALIZED_AUTOS = YES_AGGRESSIVE;
				GCC_WARN_UNUSED_FUNCTION = YES;
				GCC_WARN_UNUSED_VARIABLE = YES;
				IPHONEOS_DEPLOYMENT_TARGET = 11.0;
				MTL_ENABLE_DEBUG_INFO = NO;
				MTL_FAST_MATH = YES;
				SDKROOT = iphoneos;
				SWIFT_COMPILATION_MODE = wholemodule;
				SWIFT_OPTIMIZATION_LEVEL = "-O";
				VALIDATE_PRODUCT = YES;
			};
			name = Release;
		};
		BE8243092363AAB200994FB2 /* Debug */ = {
			isa = XCBuildConfiguration;
			buildSettings = {
				ASSETCATALOG_COMPILER_APPICON_NAME = AppIcon;
				CODE_SIGN_ENTITLEMENTS = "Google_Cast/THEO Google Cast.entitlements";
				CODE_SIGN_IDENTITY = "Apple Development";
				CODE_SIGN_STYLE = Automatic;
				DEVELOPMENT_TEAM = H3Y3HKZ7JZ;
				FRAMEWORK_SEARCH_PATHS = (
					"$(inherited)",
					"$(PROJECT_DIR)",
				);
				INFOPLIST_FILE = Google_Cast/Info.plist;
				LD_RUNPATH_SEARCH_PATHS = (
					"$(inherited)",
					"@executable_path/Frameworks",
				);
				OTHER_LDFLAGS = (
					"-ObjC",
					"-lc++",
				);
				PRODUCT_BUNDLE_IDENTIFIER = com.theoplayer.sample.playback.googlecast;
				PRODUCT_NAME = "THEO Google Cast";
				PROVISIONING_PROFILE_SPECIFIER = "";
				SWIFT_VERSION = 5.0;
				TARGETED_DEVICE_FAMILY = "1,2";
			};
			name = Debug;
		};
		BE82430A2363AAB200994FB2 /* Release */ = {
			isa = XCBuildConfiguration;
			buildSettings = {
				ASSETCATALOG_COMPILER_APPICON_NAME = AppIcon;
				CODE_SIGN_ENTITLEMENTS = "Google_Cast/THEO Google Cast.entitlements";
				CODE_SIGN_IDENTITY = "Apple Development";
				CODE_SIGN_STYLE = Automatic;
				DEVELOPMENT_TEAM = H3Y3HKZ7JZ;
				FRAMEWORK_SEARCH_PATHS = (
					"$(inherited)",
					"$(PROJECT_DIR)",
				);
				INFOPLIST_FILE = Google_Cast/Info.plist;
				LD_RUNPATH_SEARCH_PATHS = (
					"$(inherited)",
					"@executable_path/Frameworks",
				);
				OTHER_LDFLAGS = (
					"-ObjC",
					"-lc++",
				);
				PRODUCT_BUNDLE_IDENTIFIER = com.theoplayer.sample.playback.googlecast;
				PRODUCT_NAME = "THEO Google Cast";
				PROVISIONING_PROFILE_SPECIFIER = "";
				SWIFT_VERSION = 5.0;
				TARGETED_DEVICE_FAMILY = "1,2";
			};
			name = Release;
		};
/* End XCBuildConfiguration section */

/* Begin XCConfigurationList section */
		BE8242EF2363AAB100994FB2 /* Build configuration list for PBXProject "Google_Cast" */ = {
			isa = XCConfigurationList;
			buildConfigurations = (
				BE8243062363AAB200994FB2 /* Debug */,
				BE8243072363AAB200994FB2 /* Release */,
			);
			defaultConfigurationIsVisible = 0;
			defaultConfigurationName = Release;
		};
		BE8243082363AAB200994FB2 /* Build configuration list for PBXNativeTarget "Google_Cast" */ = {
			isa = XCConfigurationList;
			buildConfigurations = (
				BE8243092363AAB200994FB2 /* Debug */,
				BE82430A2363AAB200994FB2 /* Release */,
			);
			defaultConfigurationIsVisible = 0;
			defaultConfigurationName = Release;
		};
/* End XCConfigurationList section */
	};
	rootObject = BE8242EC2363AAB100994FB2 /* Project object */;
}
